
Microsoft Visual Studio Solution File, Format Version 12.00
# Visual Studio Version 17
VisualStudioVersion = 17.9.34728.123
MinimumVisualStudioVersion = 10.0.40219.1
Project("{9A19103F-16F7-4668-BE54-9A1E7A4F7556}") = "HomeWork4_1_2", "HomeWork4_1_2\HomeWork4_1_2.csproj", "{12DA7478-A033-4F3D-98C4-D3FE16DB822C}"
EndProject
Project("{9A19103F-16F7-4668-BE54-9A1E7A4F7556}") = "HomeWork4_1_3", "HomeWork4_1_3\HomeWork4_1_3.csproj", "{86739029-E38D-46FF-92F7-BEA753FE549C}"
EndProject
Project("{9A19103F-16F7-4668-BE54-9A1E7A4F7556}") = "HomeWork4_1_4", "HomeWork4_1_4\HomeWork4_1_4.csproj", "{4BA68C8E-346C-44E6-8C76-DB83ABD806BE}"
EndProject
Project("{FAE04EC0-301F-11D3-BF4B-00C04F79EFBC}") = "HomeWork4_1_6", "HomeWork4_1_6\HomeWork4_1_6.csproj", "{63FA3B33-68A0-473F-96DE-A21286CB9F34}"
EndProject
Global
	GlobalSection(SolutionConfigurationPlatforms) = preSolution
		Debug|Any CPU = Debug|Any CPU
		Release|Any CPU = Release|Any CPU
	EndGlobalSection
	GlobalSection(ProjectConfigurationPlatforms) = postSolution
		{12DA7478-A033-4F3D-98C4-D3FE16DB822C}.Debug|Any CPU.ActiveCfg = Debug|Any CPU
		{12DA7478-A033-4F3D-98C4-D3FE16DB822C}.Debug|Any CPU.Build.0 = Debug|Any CPU
		{12DA7478-A033-4F3D-98C4-D3FE16DB822C}.Release|Any CPU.ActiveCfg = Release|Any CPU
		{12DA7478-A033-4F3D-98C4-D3FE16DB822C}.Release|Any CPU.Build.0 = Release|Any CPU
		{86739029-E38D-46FF-92F7-BEA753FE549C}.Debug|Any CPU.ActiveCfg = Debug|Any CPU
		{86739029-E38D-46FF-92F7-BEA753FE549C}.Debug|Any CPU.Build.0 = Debug|Any CPU
		{86739029-E38D-46FF-92F7-BEA753FE549C}.Release|Any CPU.ActiveCfg = Release|Any CPU
		{86739029-E38D-46FF-92F7-BEA753FE549C}.Release|Any CPU.Build.0 = Release|Any CPU
		{4BA68C8E-346C-44E6-8C76-DB83ABD806BE}.Debug|Any CPU.ActiveCfg = Debug|Any CPU
		{4BA68C8E-346C-44E6-8C76-DB83ABD806BE}.Debug|Any CPU.Build.0 = Debug|Any CPU
		{4BA68C8E-346C-44E6-8C76-DB83ABD806BE}.Release|Any CPU.ActiveCfg = Release|Any CPU
		{4BA68C8E-346C-44E6-8C76-DB83ABD806BE}.Release|Any CPU.Build.0 = Release|Any CPU
		{63FA3B33-68A0-473F-96DE-A21286CB9F34}.Debug|Any CPU.ActiveCfg = Debug|Any CPU
		{63FA3B33-68A0-473F-96DE-A21286CB9F34}.Debug|Any CPU.Build.0 = Debug|Any CPU
		{63FA3B33-68A0-473F-96DE-A21286CB9F34}.Release|Any CPU.ActiveCfg = Release|Any CPU
		{63FA3B33-68A0-473F-96DE-A21286CB9F34}.Release|Any CPU.Build.0 = Release|Any CPU
	EndGlobalSection
	GlobalSection(SolutionProperties) = preSolution
		HideSolutionNode = FALSE
	EndGlobalSection
	GlobalSection(ExtensibilityGlobals) = postSolution
		SolutionGuid = {CF5EAC36-0F85-4D21-AA60-DD3F30327C94}
	EndGlobalSection
EndGlobal
